
Microsoft Visual Studio Solution File, Format Version 12.00
# Visual Studio Version 17
VisualStudioVersion = 17.8.34525.116
MinimumVisualStudioVersion = 10.0.40219.1
Project("{FAE04EC0-301F-11D3-BF4B-00C04F79EFBC}") = "WPF_Info", "WPF_Info\WPF_Info.csproj", "{AFA3EBDF-88DC-4364-81E1-C0BF095B093E}"
EndProject
Global
	GlobalSection(SolutionConfigurationPlatforms) = preSolution
		Debug|Any CPU = Debug|Any CPU
		Release|Any CPU = Release|Any CPU
	EndGlobalSection
	GlobalSection(ProjectConfigurationPlatforms) = postSolution
		{AFA3EBDF-88DC-4364-81E1-C0BF095B093E}.Debug|Any CPU.ActiveCfg = Debug|Any CPU
		{AFA3EBDF-88DC-4364-81E1-C0BF095B093E}.Debug|Any CPU.Build.0 = Debug|Any CPU
		{AFA3EBDF-88DC-4364-81E1-C0BF095B093E}.Release|Any CPU.ActiveCfg = Release|Any CPU
		{AFA3EBDF-88DC-4364-81E1-C0BF095B093E}.Release|Any CPU.Build.0 = Release|Any CPU
	EndGlobalSection
	GlobalSection(SolutionProperties) = preSolution
		HideSolutionNode = FALSE
	EndGlobalSection
	GlobalSection(ExtensibilityGlobals) = postSolution
		SolutionGuid = {40309F7F-CB70-46B5-AC4B-276DCA118DA0}
	EndGlobalSection
EndGlobal
